
Microsoft Visual Studio Solution File, Format Version 12.00
# Visual Studio 15
VisualStudioVersion = 15.0.28307.572
MinimumVisualStudioVersion = 10.0.40219.1
Project("{FAE04EC0-301F-11D3-BF4B-00C04F79EFBC}") = "zarAtma", "zarAtma\zarAtma.csproj", "{5BEF6278-C33C-42DF-BB2E-64FD6291FE50}"
EndProject
Global
	GlobalSection(SolutionConfigurationPlatforms) = preSolution
		Debug|Any CPU = Debug|Any CPU
		Release|Any CPU = Release|Any CPU
	EndGlobalSection
	GlobalSection(ProjectConfigurationPlatforms) = postSolution
		{5BEF6278-C33C-42DF-BB2E-64FD6291FE50}.Debug|Any CPU.ActiveCfg = Debug|Any CPU
		{5BEF6278-C33C-42DF-BB2E-64FD6291FE50}.Debug|Any CPU.Build.0 = Debug|Any CPU
		{5BEF6278-C33C-42DF-BB2E-64FD6291FE50}.Release|Any CPU.ActiveCfg = Release|Any CPU
		{5BEF6278-C33C-42DF-BB2E-64FD6291FE50}.Release|Any CPU.Build.0 = Release|Any CPU
	EndGlobalSection
	GlobalSection(SolutionProperties) = preSolution
		HideSolutionNode = FALSE
	EndGlobalSection
	GlobalSection(ExtensibilityGlobals) = postSolution
		SolutionGuid = {012BF9B6-04C2-404F-B3AC-49D227F7A40A}
	EndGlobalSection
EndGlobal
